{
  "name": "vanilla-test",
  "version": "0.0.1",
  "lockfileVersion": 1,
  "requires": true,
  "dependencies": {
    "ansi-colors": {
      "version": "github:RIAEvangelist/ansi-colors#32c232a23b1dbebd430ffb98751ebc17addbf8a4",
      "from": "github:RIAEvangelist/ansi-colors"
    },
    "strong-type": {
      "version": "0.1.3",
      "resolved": "https://registry.npmjs.org/strong-type/-/strong-type-0.1.3.tgz",
      "integrity": "sha512-eZy9dg6cgoZVgqkDe6UkBIku1su3BCh+ZAiT5j4XabmIQ1STWa3ZKUfeeNnhmt7uoOi5hm/LqnGXQAzihOyPQw=="
    }
  }
}
